
Microsoft Visual Studio Solution File, Format Version 12.00
# Visual Studio 15
VisualStudioVersion = 15.0.28307.572
MinimumVisualStudioVersion = 10.0.40219.1
Project("{8BC9CEB8-8B4A-11D0-8D11-00A0C91BC942}") = "Arkanoid", "Arkanoid\Arkanoid.vcxproj", "{95813271-1757-4463-9ADD-4A87B77C9292}"
EndProject
Global
	GlobalSection(SolutionConfigurationPlatforms) = preSolution
		Debug|x86 = Debug|x86
		Release|x86 = Release|x86
	EndGlobalSection
	GlobalSection(ProjectConfigurationPlatforms) = postSolution
		{95813271-1757-4463-9ADD-4A87B77C9292}.Debug|x64.ActiveCfg = Debug|x64
		{95813271-1757-4463-9ADD-4A87B77C9292}.Debug|x64.Build.0 = Debug|x64
		{95813271-1757-4463-9ADD-4A87B77C9292}.Debug|x86.ActiveCfg = Debug|Win32
		{95813271-1757-4463-9ADD-4A87B77C9292}.Debug|x86.Build.0 = Debug|Win32
		{95813271-1757-4463-9ADD-4A87B77C9292}.Release|x64.ActiveCfg = Release|x64
		{95813271-1757-4463-9ADD-4A87B77C9292}.Release|x64.Build.0 = Release|x64
		{95813271-1757-4463-9ADD-4A87B77C9292}.Release|x86.ActiveCfg = Release|Win32
		{95813271-1757-4463-9ADD-4A87B77C9292}.Release|x86.Build.0 = Release|Win32
	EndGlobalSection
	GlobalSection(SolutionProperties) = preSolution
		HideSolutionNode = FALSE
	EndGlobalSection
	GlobalSection(ExtensibilityGlobals) = postSolution
		SolutionGuid = {97E31FC2-5521-4898-8F80-AC59E2AD6A53}
	EndGlobalSection
EndGlobal
